// !$*UTF8*$!
{
	archiveVersion = 1;
	classes = {
	};
	objectVersion = 46;
	objects = {

/* Begin PBXBuildFile section */
		A6BE613318A009B2003A09B9 /* Foundation.framework in Frameworks */ = {isa = PBXBuildFile; fileRef = A6BE613218A009B2003A09B9 /* Foundation.framework */; };
		A6BE614118A009B2003A09B9 /* XCTest.framework in Frameworks */ = {isa = PBXBuildFile; fileRef = A6BE614018A009B2003A09B9 /* XCTest.framework */; };
		A6BE614218A009B2003A09B9 /* Foundation.framework in Frameworks */ = {isa = PBXBuildFile; fileRef = A6BE613218A009B2003A09B9 /* Foundation.framework */; };
		A6BE614418A009B2003A09B9 /* UIKit.framework in Frameworks */ = {isa = PBXBuildFile; fileRef = A6BE614318A009B2003A09B9 /* UIKit.framework */; };
		A6BE614718A009B2003A09B9 /* libMWLayoutHelpers.a in Frameworks */ = {isa = PBXBuildFile; fileRef = A6BE612F18A009B2003A09B9 /* libMWLayoutHelpers.a */; };
		A6BE615E18A01CBB003A09B9 /* UIView+MWLayoutHelpers.m in Sources */ = {isa = PBXBuildFile; fileRef = A6BE615D18A01CBB003A09B9 /* UIView+MWLayoutHelpers.m */; };
/* End PBXBuildFile section */

/* Begin PBXContainerItemProxy section */
		A6BE614518A009B2003A09B9 /* PBXContainerItemProxy */ = {
			isa = PBXContainerItemProxy;
			containerPortal = A6BE612718A009B2003A09B9 /* Project object */;
			proxyType = 1;
			remoteGlobalIDString = A6BE612E18A009B2003A09B9;
			remoteInfo = MWLayoutHelpers;
		};
/* End PBXContainerItemProxy section */

/* Begin PBXCopyFilesBuildPhase section */
		A6BE612D18A009B2003A09B9 /* CopyFiles */ = {
			isa = PBXCopyFilesBuildPhase;
			buildActionMask = 2147483647;
			dstPath = "include/$(PRODUCT_NAME)";
			dstSubfolderSpec = 16;
			files = (
			);
			runOnlyForDeploymentPostprocessing = 0;
		};
/* End PBXCopyFilesBuildPhase section */

/* Begin PBXFileReference section */
		A6BE612F18A009B2003A09B9 /* libMWLayoutHelpers.a */ = {isa = PBXFileReference; explicitFileType = archive.ar; includeInIndex = 0; path = libMWLayoutHelpers.a; sourceTree = BUILT_PRODUCTS_DIR; };
		A6BE613218A009B2003A09B9 /* Foundation.framework */ = {isa = PBXFileReference; lastKnownFileType = wrapper.framework; name = Foundation.framework; path = System/Library/Frameworks/Foundation.framework; sourceTree = SDKROOT; };
		A6BE613618A009B2003A09B9 /* MWLayoutHelpers-Prefix.pch */ = {isa = PBXFileReference; lastKnownFileType = sourcecode.c.h; path = "MWLayoutHelpers-Prefix.pch"; sourceTree = "<group>"; };
		A6BE613F18A009B2003A09B9 /* MWLayoutHelpersTests.xctest */ = {isa = PBXFileReference; explicitFileType = wrapper.cfbundle; includeInIndex = 0; path = MWLayoutHelpersTests.xctest; sourceTree = BUILT_PRODUCTS_DIR; };
		A6BE614018A009B2003A09B9 /* XCTest.framework */ = {isa = PBXFileReference; lastKnownFileType = wrapper.framework; name = XCTest.framework; path = Library/Frameworks/XCTest.framework; sourceTree = DEVELOPER_DIR; };
		A6BE614318A009B2003A09B9 /* UIKit.framework */ = {isa = PBXFileReference; lastKnownFileType = wrapper.framework; name = UIKit.framework; path = Library/Frameworks/UIKit.framework; sourceTree = DEVELOPER_DIR; };
		A6BE615C18A01CBB003A09B9 /* UIView+MWLayoutHelpers.h */ = {isa = PBXFileReference; fileEncoding = 4; lastKnownFileType = sourcecode.c.h; name = "UIView+MWLayoutHelpers.h"; path = "Classes/UIView+MWLayoutHelpers.h"; sourceTree = "<group>"; };
		A6BE615D18A01CBB003A09B9 /* UIView+MWLayoutHelpers.m */ = {isa = PBXFileReference; fileEncoding = 4; lastKnownFileType = sourcecode.c.objc; name = "UIView+MWLayoutHelpers.m"; path = "Classes/UIView+MWLayoutHelpers.m"; sourceTree = "<group>"; };
/* End PBXFileReference section */

/* Begin PBXFrameworksBuildPhase section */
		A6BE612C18A009B2003A09B9 /* Frameworks */ = {
			isa = PBXFrameworksBuildPhase;
			buildActionMask = 2147483647;
			files = (
				A6BE613318A009B2003A09B9 /* Foundation.framework in Frameworks */,
			);
			runOnlyForDeploymentPostprocessing = 0;
		};
		A6BE613C18A009B2003A09B9 /* Frameworks */ = {
			isa = PBXFrameworksBuildPhase;
			buildActionMask = 2147483647;
			files = (
				A6BE614118A009B2003A09B9 /* XCTest.framework in Frameworks */,
				A6BE614418A009B2003A09B9 /* UIKit.framework in Frameworks */,
				A6BE614218A009B2003A09B9 /* Foundation.framework in Frameworks */,
				A6BE614718A009B2003A09B9 /* libMWLayoutHelpers.a in Frameworks */,
			);
			runOnlyForDeploymentPostprocessing = 0;
		};
/* End PBXFrameworksBuildPhase section */

/* Begin PBXGroup section */
		A6BE612618A009B2003A09B9 = {
			isa = PBXGroup;
			children = (
				A6BE613418A009B2003A09B9 /* MWLayoutHelpers */,
				A6BE613118A009B2003A09B9 /* Frameworks */,
				A6BE613018A009B2003A09B9 /* Products */,
			);
			sourceTree = "<group>";
		};
		A6BE613018A009B2003A09B9 /* Products */ = {
			isa = PBXGroup;
			children = (
				A6BE612F18A009B2003A09B9 /* libMWLayoutHelpers.a */,
				A6BE613F18A009B2003A09B9 /* MWLayoutHelpersTests.xctest */,
			);
			name = Products;
			sourceTree = "<group>";
		};
		A6BE613118A009B2003A09B9 /* Frameworks */ = {
			isa = PBXGroup;
			children = (
				A6BE613218A009B2003A09B9 /* Foundation.framework */,
				A6BE614018A009B2003A09B9 /* XCTest.framework */,
				A6BE614318A009B2003A09B9 /* UIKit.framework */,
			);
			name = Frameworks;
			sourceTree = "<group>";
		};
		A6BE613418A009B2003A09B9 /* MWLayoutHelpers */ = {
			isa = PBXGroup;
			children = (
				A6BE615818A01B86003A09B9 /* Classes */,
				A6BE613518A009B2003A09B9 /* Supporting Files */,
			);
			path = MWLayoutHelpers;
			sourceTree = "<group>";
		};
		A6BE613518A009B2003A09B9 /* Supporting Files */ = {
			isa = PBXGroup;
			children = (
				A6BE613618A009B2003A09B9 /* MWLayoutHelpers-Prefix.pch */,
			);
			name = "Supporting Files";
			sourceTree = "<group>";
		};
		A6BE615818A01B86003A09B9 /* Classes */ = {
			isa = PBXGroup;
			children = (
				A6BE615C18A01CBB003A09B9 /* UIView+MWLayoutHelpers.h */,
				A6BE615D18A01CBB003A09B9 /* UIView+MWLayoutHelpers.m */,
			);
			name = Classes;
			sourceTree = "<group>";
		};
/* End PBXGroup section */

/* Begin PBXNativeTarget section */
		A6BE612E18A009B2003A09B9 /* MWLayoutHelpers */ = {
			isa = PBXNativeTarget;
			buildConfigurationList = A6BE615218A009B2003A09B9 /* Build configuration list for PBXNativeTarget "MWLayoutHelpers" */;
			buildPhases = (
				A6BE612B18A009B2003A09B9 /* Sources */,
				A6BE612C18A009B2003A09B9 /* Frameworks */,
				A6BE612D18A009B2003A09B9 /* CopyFiles */,
			);
			buildRules = (
			);
			dependencies = (
			);
			name = MWLayoutHelpers;
			productName = MWLayoutHelpers;
			productReference = A6BE612F18A009B2003A09B9 /* libMWLayoutHelpers.a */;
			productType = "com.apple.product-type.library.static";
		};
		A6BE613E18A009B2003A09B9 /* MWLayoutHelpersTests */ = {
			isa = PBXNativeTarget;
			buildConfigurationList = A6BE615518A009B2003A09B9 /* Build configuration list for PBXNativeTarget "MWLayoutHelpersTests" */;
			buildPhases = (
				A6BE613B18A009B2003A09B9 /* Sources */,
				A6BE613C18A009B2003A09B9 /* Frameworks */,
				A6BE613D18A009B2003A09B9 /* Resources */,
			);
			buildRules = (
			);
			dependencies = (
				A6BE614618A009B2003A09B9 /* PBXTargetDependency */,
			);
			name = MWLayoutHelpersTests;
			productName = MWLayoutHelpersTests;
			productReference = A6BE613F18A009B2003A09B9 /* MWLayoutHelpersTests.xctest */;
			productType = "com.apple.product-type.bundle.unit-test";
		};
/* End PBXNativeTarget section */

/* Begin PBXProject section */
		A6BE612718A009B2003A09B9 /* Project object */ = {
			isa = PBXProject;
			attributes = {
				LastUpgradeCheck = 0500;
				ORGANIZATIONNAME = "Lazer-Walker";
			};
			buildConfigurationList = A6BE612A18A009B2003A09B9 /* Build configuration list for PBXProject "MWLayoutHelpers" */;
			compatibilityVersion = "Xcode 3.2";
			developmentRegion = English;
			hasScannedForEncodings = 0;
			knownRegions = (
				en,
			);
			mainGroup = A6BE612618A009B2003A09B9;
			productRefGroup = A6BE613018A009B2003A09B9 /* Products */;
			projectDirPath = "";
			projectRoot = "";
			targets = (
				A6BE612E18A009B2003A09B9 /* MWLayoutHelpers */,
				A6BE613E18A009B2003A09B9 /* MWLayoutHelpersTests */,
			);
		};
/* End PBXProject section */

/* Begin PBXResourcesBuildPhase section */
		A6BE613D18A009B2003A09B9 /* Resources */ = {
			isa = PBXResourcesBuildPhase;
			buildActionMask = 2147483647;
			files = (
			);
			runOnlyForDeploymentPostprocessing = 0;
		};
/* End PBXResourcesBuildPhase section */

/* Begin PBXSourcesBuildPhase section */
		A6BE612B18A009B2003A09B9 /* Sources */ = {
			isa = PBXSourcesBuildPhase;
			buildActionMask = 2147483647;
			files = (
				A6BE615E18A01CBB003A09B9 /* UIView+MWLayoutHelpers.m in Sources */,
			);
			runOnlyForDeploymentPostprocessing = 0;
		};
		A6BE613B18A009B2003A09B9 /* Sources */ = {
			isa = PBXSourcesBuildPhase;
			buildActionMask = 2147483647;
			files = (
			);
			runOnlyForDeploymentPostprocessing = 0;
		};
/* End PBXSourcesBuildPhase section */

/* Begin PBXTargetDependency section */
		A6BE614618A009B2003A09B9 /* PBXTargetDependency */ = {
			isa = PBXTargetDependency;
			target = A6BE612E18A009B2003A09B9 /* MWLayoutHelpers */;
			targetProxy = A6BE614518A009B2003A09B9 /* PBXContainerItemProxy */;
		};
/* End PBXTargetDependency section */

/* Begin XCBuildConfiguration section */
		A6BE615018A009B2003A09B9 /* Debug */ = {
			isa = XCBuildConfiguration;
			buildSettings = {
				ALWAYS_SEARCH_USER_PATHS = NO;
				ARCHS = "$(ARCHS_STANDARD_INCLUDING_64_BIT)";
				CLANG_CXX_LANGUAGE_STANDARD = "gnu++0x";
				CLANG_CXX_LIBRARY = "libc++";
				CLANG_ENABLE_MODULES = YES;
				CLANG_ENABLE_OBJC_ARC = YES;
				CLANG_WARN_BOOL_CONVERSION = YES;
				CLANG_WARN_CONSTANT_CONVERSION = YES;
				CLANG_WARN_DIRECT_OBJC_ISA_USAGE = YES_ERROR;
				CLANG_WARN_EMPTY_BODY = YES;
				CLANG_WARN_ENUM_CONVERSION = YES;
				CLANG_WARN_INT_CONVERSION = YES;
				CLANG_WARN_OBJC_ROOT_CLASS = YES_ERROR;
				CLANG_WARN__DUPLICATE_METHOD_MATCH = YES;
				COPY_PHASE_STRIP = NO;
				GCC_C_LANGUAGE_STANDARD = gnu99;
				GCC_DYNAMIC_NO_PIC = NO;
				GCC_OPTIMIZATION_LEVEL = 0;
				GCC_PREPROCESSOR_DEFINITIONS = (
					"DEBUG=1",
					"$(inherited)",
				);
				GCC_SYMBOLS_PRIVATE_EXTERN = NO;
				GCC_WARN_64_TO_32_BIT_CONVERSION = YES;
				GCC_WARN_ABOUT_RETURN_TYPE = YES_ERROR;
				GCC_WARN_UNDECLARED_SELECTOR = YES;
				GCC_WARN_UNINITIALIZED_AUTOS = YES;
				GCC_WARN_UNUSED_FUNCTION = YES;
				GCC_WARN_UNUSED_VARIABLE = YES;
				IPHONEOS_DEPLOYMENT_TARGET = 7.0;
				ONLY_ACTIVE_ARCH = YES;
				SDKROOT = iphoneos;
			};
			name = Debug;
		};
		A6BE615118A009B2003A09B9 /* Release */ = {
			isa = XCBuildConfiguration;
			buildSettings = {
				ALWAYS_SEARCH_USER_PATHS = NO;
				ARCHS = "$(ARCHS_STANDARD_INCLUDING_64_BIT)";
				CLANG_CXX_LANGUAGE_STANDARD = "gnu++0x";
				CLANG_CXX_LIBRARY = "libc++";
				CLANG_ENABLE_MODULES = YES;
				CLANG_ENABLE_OBJC_ARC = YES;
				CLANG_WARN_BOOL_CONVERSION = YES;
				CLANG_WARN_CONSTANT_CONVERSION = YES;
				CLANG_WARN_DIRECT_OBJC_ISA_USAGE = YES_ERROR;
				CLANG_WARN_EMPTY_BODY = YES;
				CLANG_WARN_ENUM_CONVERSION = YES;
				CLANG_WARN_INT_CONVERSION = YES;
				CLANG_WARN_OBJC_ROOT_CLASS = YES_ERROR;
				CLANG_WARN__DUPLICATE_METHOD_MATCH = YES;
				COPY_PHASE_STRIP = YES;
				ENABLE_NS_ASSERTIONS = NO;
				GCC_C_LANGUAGE_STANDARD = gnu99;
				GCC_WARN_64_TO_32_BIT_CONVERSION = YES;
				GCC_WARN_ABOUT_RETURN_TYPE = YES_ERROR;
				GCC_WARN_UNDECLARED_SELECTOR = YES;
				GCC_WARN_UNINITIALIZED_AUTOS = YES;
				GCC_WARN_UNUSED_FUNCTION = YES;
				GCC_WARN_UNUSED_VARIABLE = YES;
				IPHONEOS_DEPLOYMENT_TARGET = 7.0;
				SDKROOT = iphoneos;
				VALIDATE_PRODUCT = YES;
			};
			name = Release;
		};
		A6BE615318A009B2003A09B9 /* Debug */ = {
			isa = XCBuildConfiguration;
			buildSettings = {
				DSTROOT = /tmp/MWLayoutHelpers.dst;
				GCC_PRECOMPILE_PREFIX_HEADER = YES;
				GCC_PREFIX_HEADER = "MWLayoutHelpers/MWLayoutHelpers-Prefix.pch";
				OTHER_LDFLAGS = "-ObjC";
				PRODUCT_NAME = "$(TARGET_NAME)";
				SKIP_INSTALL = YES;
			};
			name = Debug;
		};
		A6BE615418A009B2003A09B9 /* Release */ = {
			isa = XCBuildConfiguration;
			buildSettings = {
				DSTROOT = /tmp/MWLayoutHelpers.dst;
				GCC_PRECOMPILE_PREFIX_HEADER = YES;
				GCC_PREFIX_HEADER = "MWLayoutHelpers/MWLayoutHelpers-Prefix.pch";
				OTHER_LDFLAGS = "-ObjC";
				PRODUCT_NAME = "$(TARGET_NAME)";
				SKIP_INSTALL = YES;
			};
			name = Release;
		};
		A6BE615618A009B2003A09B9 /* Debug */ = {
			isa = XCBuildConfiguration;
			buildSettings = {
				ARCHS = "$(ARCHS_STANDARD_INCLUDING_64_BIT)";
				FRAMEWORK_SEARCH_PATHS = (
					"$(SDKROOT)/Developer/Library/Frameworks",
					"$(inherited)",
					"$(DEVELOPER_FRAMEWORKS_DIR)",
				);
				GCC_PRECOMPILE_PREFIX_HEADER = YES;
				GCC_PREFIX_HEADER = "MWLayoutHelpers/MWLayoutHelpers-Prefix.pch";
				GCC_PREPROCESSOR_DEFINITIONS = (
					"DEBUG=1",
					"$(inherited)",
				);
				INFOPLIST_FILE = "MWLayoutHelpersTests/MWLayoutHelpersTests-Info.plist";
				PRODUCT_NAME = "$(TARGET_NAME)";
				WRAPPER_EXTENSION = xctest;
			};
			name = Debug;
		};
		A6BE615718A009B2003A09B9 /* Release */ = {
			isa = XCBuildConfiguration;
			buildSettings = {
				ARCHS = "$(ARCHS_STANDARD_INCLUDING_64_BIT)";
				FRAMEWORK_SEARCH_PATHS = (
					"$(SDKROOT)/Developer/Library/Frameworks",
					"$(inherited)",
					"$(DEVELOPER_FRAMEWORKS_DIR)",
				);
				GCC_PRECOMPILE_PREFIX_HEADER = YES;
				GCC_PREFIX_HEADER = "MWLayoutHelpers/MWLayoutHelpers-Prefix.pch";
				INFOPLIST_FILE = "MWLayoutHelpersTests/MWLayoutHelpersTests-Info.plist";
				PRODUCT_NAME = "$(TARGET_NAME)";
				WRAPPER_EXTENSION = xctest;
			};
			name = Release;
		};
/* End XCBuildConfiguration section */

/* Begin XCConfigurationList section */
		A6BE612A18A009B2003A09B9 /* Build configuration list for PBXProject "MWLayoutHelpers" */ = {
			isa = XCConfigurationList;
			buildConfigurations = (
				A6BE615018A009B2003A09B9 /* Debug */,
				A6BE615118A009B2003A09B9 /* Release */,
			);
			defaultConfigurationIsVisible = 0;
			defaultConfigurationName = Release;
		};
		A6BE615218A009B2003A09B9 /* Build configuration list for PBXNativeTarget "MWLayoutHelpers" */ = {
			isa = XCConfigurationList;
			buildConfigurations = (
				A6BE615318A009B2003A09B9 /* Debug */,
				A6BE615418A009B2003A09B9 /* Release */,
			);
			defaultConfigurationIsVisible = 0;
			defaultConfigurationName = Release;
		};
		A6BE615518A009B2003A09B9 /* Build configuration list for PBXNativeTarget "MWLayoutHelpersTests" */ = {
			isa = XCConfigurationList;
			buildConfigurations = (
				A6BE615618A009B2003A09B9 /* Debug */,
				A6BE615718A009B2003A09B9 /* Release */,
			);
			defaultConfigurationIsVisible = 0;
			defaultConfigurationName = Release;
		};
/* End XCConfigurationList section */
	};
	rootObject = A6BE612718A009B2003A09B9 /* Project object */;
}
